
Microsoft Visual Studio Solution File, Format Version 12.00
# Visual Studio Version 17
VisualStudioVersion = 17.7.34024.191
MinimumVisualStudioVersion = 10.0.40219.1
Project("{FAE04EC0-301F-11D3-BF4B-00C04F79EFBC}") = "02_Prob_OOP_Recap", "02_Prob_OOP_Recap.csproj", "{2310054C-565E-478D-9452-881FDBAD1073}"
EndProject
Global
	GlobalSection(SolutionConfigurationPlatforms) = preSolution
		Debug|Any CPU = Debug|Any CPU
		Release|Any CPU = Release|Any CPU
	EndGlobalSection
	GlobalSection(ProjectConfigurationPlatforms) = postSolution
		{2310054C-565E-478D-9452-881FDBAD1073}.Debug|Any CPU.ActiveCfg = Debug|Any CPU
		{2310054C-565E-478D-9452-881FDBAD1073}.Debug|Any CPU.Build.0 = Debug|Any CPU
		{2310054C-565E-478D-9452-881FDBAD1073}.Release|Any CPU.ActiveCfg = Release|Any CPU
		{2310054C-565E-478D-9452-881FDBAD1073}.Release|Any CPU.Build.0 = Release|Any CPU
	EndGlobalSection
	GlobalSection(SolutionProperties) = preSolution
		HideSolutionNode = FALSE
	EndGlobalSection
	GlobalSection(ExtensibilityGlobals) = postSolution
		SolutionGuid = {4D3DA504-3BAC-4B2F-8DF4-53646E539340}
	EndGlobalSection
EndGlobal
