
Microsoft Visual Studio Solution File, Format Version 12.00
# Visual Studio Version 17
VisualStudioVersion = 17.7.34024.191
MinimumVisualStudioVersion = 10.0.40219.1
Project("{9A19103F-16F7-4668-BE54-9A1E7A4F7556}") = "MTCG", "MTCG.csproj", "{44477C44-93AC-4E82-87C2-EC4DFBC3FE0F}"
EndProject
Project("{FAE04EC0-301F-11D3-BF4B-00C04F79EFBC}") = "MTCG_UnitTest", "..\MTCG_UnitTest\MTCG_UnitTest.csproj", "{6ACD342A-5E08-4D3B-A4FE-A1381EFA5442}"
EndProject
Global
	GlobalSection(SolutionConfigurationPlatforms) = preSolution
		Debug|Any CPU = Debug|Any CPU
		Release|Any CPU = Release|Any CPU
	EndGlobalSection
	GlobalSection(ProjectConfigurationPlatforms) = postSolution
		{44477C44-93AC-4E82-87C2-EC4DFBC3FE0F}.Debug|Any CPU.ActiveCfg = Debug|Any CPU
		{44477C44-93AC-4E82-87C2-EC4DFBC3FE0F}.Debug|Any CPU.Build.0 = Debug|Any CPU
		{44477C44-93AC-4E82-87C2-EC4DFBC3FE0F}.Release|Any CPU.ActiveCfg = Release|Any CPU
		{44477C44-93AC-4E82-87C2-EC4DFBC3FE0F}.Release|Any CPU.Build.0 = Release|Any CPU
		{6ACD342A-5E08-4D3B-A4FE-A1381EFA5442}.Debug|Any CPU.ActiveCfg = Debug|Any CPU
		{6ACD342A-5E08-4D3B-A4FE-A1381EFA5442}.Debug|Any CPU.Build.0 = Debug|Any CPU
		{6ACD342A-5E08-4D3B-A4FE-A1381EFA5442}.Release|Any CPU.ActiveCfg = Release|Any CPU
		{6ACD342A-5E08-4D3B-A4FE-A1381EFA5442}.Release|Any CPU.Build.0 = Release|Any CPU
	EndGlobalSection
	GlobalSection(SolutionProperties) = preSolution
		HideSolutionNode = FALSE
	EndGlobalSection
	GlobalSection(ExtensibilityGlobals) = postSolution
		SolutionGuid = {C6332888-EF90-4079-8117-3D212616CF19}
	EndGlobalSection
EndGlobal
